
Microsoft Visual Studio Solution File, Format Version 12.00
# Visual Studio Version 17
VisualStudioVersion = 17.3.32825.248
MinimumVisualStudioVersion = 10.0.40219.1
Project("{FAE04EC0-301F-11D3-BF4B-00C04F79EFBC}") = "Escape", "Escape.csproj", "{1E17F177-D7F3-412C-9D17-E6B5BD98C3F5}"
EndProject
Global
	GlobalSection(SolutionConfigurationPlatforms) = preSolution
		Debug|Any CPU = Debug|Any CPU
		Release|Any CPU = Release|Any CPU
	EndGlobalSection
	GlobalSection(ProjectConfigurationPlatforms) = postSolution
		{1E17F177-D7F3-412C-9D17-E6B5BD98C3F5}.Debug|Any CPU.ActiveCfg = Debug|Any CPU
		{1E17F177-D7F3-412C-9D17-E6B5BD98C3F5}.Debug|Any CPU.Build.0 = Debug|Any CPU
		{1E17F177-D7F3-412C-9D17-E6B5BD98C3F5}.Release|Any CPU.ActiveCfg = Release|Any CPU
		{1E17F177-D7F3-412C-9D17-E6B5BD98C3F5}.Release|Any CPU.Build.0 = Release|Any CPU
	EndGlobalSection
	GlobalSection(SolutionProperties) = preSolution
		HideSolutionNode = FALSE
	EndGlobalSection
	GlobalSection(ExtensibilityGlobals) = postSolution
		SolutionGuid = {A4E3042C-28AE-4671-83D4-3961497F399E}
	EndGlobalSection
EndGlobal
